
Microsoft Visual Studio Solution File, Format Version 12.00
# Visual Studio 15
VisualStudioVersion = 15.0.28307.1062
MinimumVisualStudioVersion = 10.0.40219.1
Project("{FAE04EC0-301F-11D3-BF4B-00C04F79EFBC}") = "ProjectMono", "ProjectMono\ProjectMono.csproj", "{72383D65-F81F-420E-82BB-6FCFF5BC4B01}"
EndProject
Global
	GlobalSection(SolutionConfigurationPlatforms) = preSolution
		Debug|Any CPU = Debug|Any CPU
		Release|Any CPU = Release|Any CPU
	EndGlobalSection
	GlobalSection(ProjectConfigurationPlatforms) = postSolution
		{72383D65-F81F-420E-82BB-6FCFF5BC4B01}.Debug|Any CPU.ActiveCfg = Debug|Any CPU
		{72383D65-F81F-420E-82BB-6FCFF5BC4B01}.Debug|Any CPU.Build.0 = Debug|Any CPU
		{72383D65-F81F-420E-82BB-6FCFF5BC4B01}.Release|Any CPU.ActiveCfg = Release|Any CPU
		{72383D65-F81F-420E-82BB-6FCFF5BC4B01}.Release|Any CPU.Build.0 = Release|Any CPU
	EndGlobalSection
	GlobalSection(SolutionProperties) = preSolution
		HideSolutionNode = FALSE
	EndGlobalSection
	GlobalSection(ExtensibilityGlobals) = postSolution
		SolutionGuid = {E74B626F-486E-473E-B112-B8EFA9228CC4}
	EndGlobalSection
EndGlobal
