
Microsoft Visual Studio Solution File, Format Version 12.00
# Visual Studio Version 16
VisualStudioVersion = 16.0.29911.84
MinimumVisualStudioVersion = 10.0.40219.1
Project("{FAE04EC0-301F-11D3-BF4B-00C04F79EFBC}") = "mono", "mono.csproj", "{D11957EF-31C5-4CE3-9E79-E366FA1EEFC7}"
EndProject
Global
	GlobalSection(SolutionConfigurationPlatforms) = preSolution
		Debug|Any CPU = Debug|Any CPU
		Release|Any CPU = Release|Any CPU
	EndGlobalSection
	GlobalSection(ProjectConfigurationPlatforms) = postSolution
		{D11957EF-31C5-4CE3-9E79-E366FA1EEFC7}.Debug|Any CPU.ActiveCfg = Debug|Any CPU
		{D11957EF-31C5-4CE3-9E79-E366FA1EEFC7}.Debug|Any CPU.Build.0 = Debug|Any CPU
		{D11957EF-31C5-4CE3-9E79-E366FA1EEFC7}.Release|Any CPU.ActiveCfg = Release|Any CPU
		{D11957EF-31C5-4CE3-9E79-E366FA1EEFC7}.Release|Any CPU.Build.0 = Release|Any CPU
	EndGlobalSection
	GlobalSection(SolutionProperties) = preSolution
		HideSolutionNode = FALSE
	EndGlobalSection
	GlobalSection(ExtensibilityGlobals) = postSolution
		SolutionGuid = {04F5EEBF-5319-45D1-89A2-9776DB479B20}
	EndGlobalSection
EndGlobal
